
Microsoft Visual Studio Solution File, Format Version 12.00
# Visual Studio Version 17
VisualStudioVersion = 17.4.33213.308
MinimumVisualStudioVersion = 10.0.40219.1
Project("{FAE04EC0-301F-11D3-BF4B-00C04F79EFBC}") = "ConsoleApp", "ConsoleApp\ConsoleApp.csproj", "{675B425B-DF69-4CA3-83CE-5FA0E5685CD6}"
EndProject
Global
	GlobalSection(SolutionConfigurationPlatforms) = preSolution
		Debug|Any CPU = Debug|Any CPU
		Release|Any CPU = Release|Any CPU
	EndGlobalSection
	GlobalSection(ProjectConfigurationPlatforms) = postSolution
		{675B425B-DF69-4CA3-83CE-5FA0E5685CD6}.Debug|Any CPU.ActiveCfg = Debug|Any CPU
		{675B425B-DF69-4CA3-83CE-5FA0E5685CD6}.Debug|Any CPU.Build.0 = Debug|Any CPU
		{675B425B-DF69-4CA3-83CE-5FA0E5685CD6}.Release|Any CPU.ActiveCfg = Release|Any CPU
		{675B425B-DF69-4CA3-83CE-5FA0E5685CD6}.Release|Any CPU.Build.0 = Release|Any CPU
	EndGlobalSection
	GlobalSection(SolutionProperties) = preSolution
		HideSolutionNode = FALSE
	EndGlobalSection
	GlobalSection(ExtensibilityGlobals) = postSolution
		SolutionGuid = {C584F247-EF65-4D89-BE9B-33DD3F0FCFB7}
	EndGlobalSection
EndGlobal
